
Microsoft Visual Studio Solution File, Format Version 12.00
# Visual Studio Version 17
VisualStudioVersion = 17.1.32328.378
MinimumVisualStudioVersion = 10.0.40219.1
Project("{9A19103F-16F7-4668-BE54-9A1E7A4F7556}") = "HotelListing.API", "HotelListing.API\HotelListing.API.csproj", "{F7482062-A373-4EF7-8B28-EB114978DF96}"
EndProject
Project("{FAE04EC0-301F-11D3-BF4B-00C04F79EFBC}") = "HotelListing.API.NET5", "HotelListing.API.NET5\HotelListing.API.NET5.csproj", "{02D4C9D7-78ED-4C47-9999-74DB7C9FE5FF}"
EndProject
Project("{FAE04EC0-301F-11D3-BF4B-00C04F79EFBC}") = "HotelListing.API.Data", "HotelListing.Data\HotelListing.API.Data.csproj", "{194941D4-773D-47F4-B4E4-6B333B2C4769}"
EndProject
Project("{FAE04EC0-301F-11D3-BF4B-00C04F79EFBC}") = "HotelListing.API.Core", "HotelListing.API.Core\HotelListing.API.Core.csproj", "{BD5A3729-973E-4E1F-9789-A271E072165F}"
EndProject
Global
	GlobalSection(SolutionConfigurationPlatforms) = preSolution
		Debug|Any CPU = Debug|Any CPU
		Release|Any CPU = Release|Any CPU
	EndGlobalSection
	GlobalSection(ProjectConfigurationPlatforms) = postSolution
		{F7482062-A373-4EF7-8B28-EB114978DF96}.Debug|Any CPU.ActiveCfg = Debug|Any CPU
		{F7482062-A373-4EF7-8B28-EB114978DF96}.Debug|Any CPU.Build.0 = Debug|Any CPU
		{F7482062-A373-4EF7-8B28-EB114978DF96}.Release|Any CPU.ActiveCfg = Release|Any CPU
		{F7482062-A373-4EF7-8B28-EB114978DF96}.Release|Any CPU.Build.0 = Release|Any CPU
		{02D4C9D7-78ED-4C47-9999-74DB7C9FE5FF}.Debug|Any CPU.ActiveCfg = Debug|Any CPU
		{02D4C9D7-78ED-4C47-9999-74DB7C9FE5FF}.Debug|Any CPU.Build.0 = Debug|Any CPU
		{02D4C9D7-78ED-4C47-9999-74DB7C9FE5FF}.Release|Any CPU.ActiveCfg = Release|Any CPU
		{02D4C9D7-78ED-4C47-9999-74DB7C9FE5FF}.Release|Any CPU.Build.0 = Release|Any CPU
		{194941D4-773D-47F4-B4E4-6B333B2C4769}.Debug|Any CPU.ActiveCfg = Debug|Any CPU
		{194941D4-773D-47F4-B4E4-6B333B2C4769}.Debug|Any CPU.Build.0 = Debug|Any CPU
		{194941D4-773D-47F4-B4E4-6B333B2C4769}.Release|Any CPU.ActiveCfg = Release|Any CPU
		{194941D4-773D-47F4-B4E4-6B333B2C4769}.Release|Any CPU.Build.0 = Release|Any CPU
		{BD5A3729-973E-4E1F-9789-A271E072165F}.Debug|Any CPU.ActiveCfg = Debug|Any CPU
		{BD5A3729-973E-4E1F-9789-A271E072165F}.Debug|Any CPU.Build.0 = Debug|Any CPU
		{BD5A3729-973E-4E1F-9789-A271E072165F}.Release|Any CPU.ActiveCfg = Release|Any CPU
		{BD5A3729-973E-4E1F-9789-A271E072165F}.Release|Any CPU.Build.0 = Release|Any CPU
	EndGlobalSection
	GlobalSection(SolutionProperties) = preSolution
		HideSolutionNode = FALSE
	EndGlobalSection
	GlobalSection(ExtensibilityGlobals) = postSolution
		SolutionGuid = {FFB1ED04-B732-4BC1-A86A-0B0B1EEFF752}
	EndGlobalSection
EndGlobal
